// !$*UTF8*$!
{
	archiveVersion = 1;
	classes = {
	};
	objectVersion = 60;
	objects = {

/* Begin PBXBuildFile section */
		A10000000000000000000001 /* NotchShelfApp.swift in Sources */ = {isa = PBXBuildFile; fileRef = B10000000000000000000001 /* NotchShelfApp.swift */; };
		A10000000000000000000002 /* AppDelegate.swift in Sources */ = {isa = PBXBuildFile; fileRef = B10000000000000000000002 /* AppDelegate.swift */; };
		A10000000000000000000003 /* ShelfCoordinator.swift in Sources */ = {isa = PBXBuildFile; fileRef = B10000000000000000000003 /* ShelfCoordinator.swift */; };
		A10000000000000000000004 /* ShelfStore.swift in Sources */ = {isa = PBXBuildFile; fileRef = B10000000000000000000004 /* ShelfStore.swift */; };
		A10000000000000000000005 /* FinderBridge.swift in Sources */ = {isa = PBXBuildFile; fileRef = B10000000000000000000005 /* FinderBridge.swift */; };
		A10000000000000000000006 /* ShortcutMonitor.swift in Sources */ = {isa = PBXBuildFile; fileRef = B10000000000000000000006 /* ShortcutMonitor.swift */; };
		A10000000000000000000007 /* FileMoveService.swift in Sources */ = {isa = PBXBuildFile; fileRef = B10000000000000000000007 /* FileMoveService.swift */; };
		A10000000000000000000008 /* NotchOverlayController.swift in Sources */ = {isa = PBXBuildFile; fileRef = B10000000000000000000008 /* NotchOverlayController.swift */; };
		A10000000000000000000009 /* NotchShelfView.swift in Sources */ = {isa = PBXBuildFile; fileRef = B10000000000000000000009 /* NotchShelfView.swift */; };
		A1000000000000000000000C /* Pocketbook.swift in Sources */ = {isa = PBXBuildFile; fileRef = B1000000000000000000000C /* Pocketbook.swift */; };
		A1000000000000000000000D /* PocketbookV3.swift in Sources */ = {isa = PBXBuildFile; fileRef = B1000000000000000000000D /* PocketbookV3.swift */; };
/* End PBXBuildFile section */

/* Begin PBXFileReference section */
		B10000000000000000000001 /* NotchShelfApp.swift */ = {isa = PBXFileReference; lastKnownFileType = sourcecode.swift; path = NotchShelfApp.swift; sourceTree = "<group>"; };
		B10000000000000000000002 /* AppDelegate.swift */ = {isa = PBXFileReference; lastKnownFileType = sourcecode.swift; path = AppDelegate.swift; sourceTree = "<group>"; };
		B10000000000000000000003 /* ShelfCoordinator.swift */ = {isa = PBXFileReference; lastKnownFileType = sourcecode.swift; path = ShelfCoordinator.swift; sourceTree = "<group>"; };
		B10000000000000000000004 /* ShelfStore.swift */ = {isa = PBXFileReference; lastKnownFileType = sourcecode.swift; path = ShelfStore.swift; sourceTree = "<group>"; };
		B10000000000000000000005 /* FinderBridge.swift */ = {isa = PBXFileReference; lastKnownFileType = sourcecode.swift; path = FinderBridge.swift; sourceTree = "<group>"; };
		B10000000000000000000006 /* ShortcutMonitor.swift */ = {isa = PBXFileReference; lastKnownFileType = sourcecode.swift; path = ShortcutMonitor.swift; sourceTree = "<group>"; };
		B10000000000000000000007 /* FileMoveService.swift */ = {isa = PBXFileReference; lastKnownFileType = sourcecode.swift; path = FileMoveService.swift; sourceTree = "<group>"; };
		B10000000000000000000008 /* NotchOverlayController.swift */ = {isa = PBXFileReference; lastKnownFileType = sourcecode.swift; path = NotchOverlayController.swift; sourceTree = "<group>"; };
		B10000000000000000000009 /* NotchShelfView.swift */ = {isa = PBXFileReference; lastKnownFileType = sourcecode.swift; path = NotchShelfView.swift; sourceTree = "<group>"; };
		B1000000000000000000000A /* Info.plist */ = {isa = PBXFileReference; lastKnownFileType = text.plist.xml; path = Info.plist; sourceTree = "<group>"; };
		B1000000000000000000000B /* NotchShelf.app */ = {isa = PBXFileReference; explicitFileType = wrapper.application; includeInIndex = 0; path = NotchShelf.app; sourceTree = BUILT_PRODUCTS_DIR; };
		B1000000000000000000000C /* Pocketbook.swift */ = {isa = PBXFileReference; lastKnownFileType = sourcecode.swift; path = Pocketbook.swift; sourceTree = "<group>"; };
		B1000000000000000000000D /* PocketbookV3.swift */ = {isa = PBXFileReference; lastKnownFileType = sourcecode.swift; path = PocketbookV3.swift; sourceTree = "<group>"; };
/* End PBXFileReference section */

/* Begin PBXFrameworksBuildPhase section */
		C10000000000000000000001 /* Frameworks */ = {
			isa = PBXFrameworksBuildPhase;
			buildActionMask = 2147483647;
			files = (
			);
			runOnlyForDeploymentPostprocessing = 0;
		};
/* End PBXFrameworksBuildPhase section */

/* Begin PBXGroup section */
		D10000000000000000000001 = {
			isa = PBXGroup;
			children = (
				D10000000000000000000002 /* NotchShelf */,
				D10000000000000000000003 /* Products */,
			);
			sourceTree = "<group>";
		};
		D10000000000000000000002 /* NotchShelf */ = {
			isa = PBXGroup;
			children = (
				B10000000000000000000001 /* NotchShelfApp.swift */,
				B10000000000000000000002 /* AppDelegate.swift */,
				B10000000000000000000003 /* ShelfCoordinator.swift */,
				B10000000000000000000004 /* ShelfStore.swift */,
				B10000000000000000000005 /* FinderBridge.swift */,
				B10000000000000000000006 /* ShortcutMonitor.swift */,
				B10000000000000000000007 /* FileMoveService.swift */,
				B10000000000000000000008 /* NotchOverlayController.swift */,
				B10000000000000000000009 /* NotchShelfView.swift */,
				B1000000000000000000000C /* Pocketbook.swift */,
				B1000000000000000000000D /* PocketbookV3.swift */,
				B1000000000000000000000A /* Info.plist */,
			);
			path = NotchShelf;
			sourceTree = "<group>";
		};
		D10000000000000000000003 /* Products */ = {
			isa = PBXGroup;
			children = (
				B1000000000000000000000B /* NotchShelf.app */,
			);
			name = Products;
			sourceTree = "<group>";
		};
/* End PBXGroup section */

/* Begin PBXNativeTarget section */
		E10000000000000000000001 /* NotchShelf */ = {
			isa = PBXNativeTarget;
			buildConfigurationList = H10000000000000000000002 /* Build configuration list for PBXNativeTarget "NotchShelf" */;
			buildPhases = (
				F10000000000000000000001 /* Sources */,
				C10000000000000000000001 /* Frameworks */,
				F10000000000000000000002 /* Resources */,
			);
			buildRules = (
			);
			dependencies = (
			);
			name = NotchShelf;
			productName = NotchShelf;
			productReference = B1000000000000000000000B /* NotchShelf.app */;
			productType = "com.apple.product-type.application";
		};
/* End PBXNativeTarget section */

/* Begin PBXProject section */
		G10000000000000000000001 /* Project object */ = {
			isa = PBXProject;
			attributes = {
				BuildIndependentTargetsInParallel = 1;
				LastSwiftUpdateCheck = 1600;
				LastUpgradeCheck = 1600;
				TargetAttributes = {
					E10000000000000000000001 = {
						CreatedOnToolsVersion = 16.0;
					};
				};
			};
			buildConfigurationList = H10000000000000000000001 /* Build configuration list for PBXProject "NotchShelf" */;
			compatibilityVersion = "Xcode 15.0";
			developmentRegion = en;
			hasScannedForEncodings = 0;
			knownRegions = (
				en,
				Base,
			);
			mainGroup = D10000000000000000000001;
			productRefGroup = D10000000000000000000003 /* Products */;
			projectDirPath = "";
			projectRoot = "";
			targets = (
				E10000000000000000000001 /* NotchShelf */,
			);
		};
/* End PBXProject section */

/* Begin PBXResourcesBuildPhase section */
		F10000000000000000000002 /* Resources */ = {
			isa = PBXResourcesBuildPhase;
			buildActionMask = 2147483647;
			files = (
			);
			runOnlyForDeploymentPostprocessing = 0;
		};
/* End PBXResourcesBuildPhase section */

/* Begin PBXSourcesBuildPhase section */
		F10000000000000000000001 /* Sources */ = {
			isa = PBXSourcesBuildPhase;
			buildActionMask = 2147483647;
			files = (
				A10000000000000000000001 /* NotchShelfApp.swift in Sources */,
				A10000000000000000000002 /* AppDelegate.swift in Sources */,
				A10000000000000000000003 /* ShelfCoordinator.swift in Sources */,
				A10000000000000000000004 /* ShelfStore.swift in Sources */,
				A10000000000000000000005 /* FinderBridge.swift in Sources */,
				A10000000000000000000006 /* ShortcutMonitor.swift in Sources */,
				A10000000000000000000007 /* FileMoveService.swift in Sources */,
				A10000000000000000000008 /* NotchOverlayController.swift in Sources */,
				A10000000000000000000009 /* NotchShelfView.swift in Sources */,
				A1000000000000000000000C /* Pocketbook.swift in Sources */,
				A1000000000000000000000D /* PocketbookV3.swift in Sources */,
			);
			runOnlyForDeploymentPostprocessing = 0;
		};
/* End PBXSourcesBuildPhase section */

/* Begin XCBuildConfiguration section */
		I10000000000000000000001 /* Debug */ = {
			isa = XCBuildConfiguration;
			buildSettings = {
				ALWAYS_SEARCH_USER_PATHS = NO;
				CLANG_ENABLE_MODULES = YES;
				CLANG_ENABLE_OBJC_ARC = YES;
				COPY_PHASE_STRIP = NO;
				DEBUG_INFORMATION_FORMAT = dwarf;
				ENABLE_STRICT_OBJC_MSGSEND = YES;
				GCC_C_LANGUAGE_STANDARD = gnu17;
				GCC_NO_COMMON_BLOCKS = YES;
				GCC_OPTIMIZATION_LEVEL = 0;
				GCC_PREPROCESSOR_DEFINITIONS = (
					"DEBUG=1",
					"$(inherited)",
				);
				MACOSX_DEPLOYMENT_TARGET = 15.0;
				MTL_ENABLE_DEBUG_INFO = INCLUDE_SOURCE;
				ONLY_ACTIVE_ARCH = YES;
				SDKROOT = macosx;
				SWIFT_ACTIVE_COMPILATION_CONDITIONS = DEBUG;
				SWIFT_OPTIMIZATION_LEVEL = "-Onone";
			};
			name = Debug;
		};
		I10000000000000000000002 /* Release */ = {
			isa = XCBuildConfiguration;
			buildSettings = {
				ALWAYS_SEARCH_USER_PATHS = NO;
				CLANG_ENABLE_MODULES = YES;
				CLANG_ENABLE_OBJC_ARC = YES;
				COPY_PHASE_STRIP = NO;
				DEBUG_INFORMATION_FORMAT = "dwarf-with-dsym";
				ENABLE_NS_ASSERTIONS = NO;
				ENABLE_STRICT_OBJC_MSGSEND = YES;
				GCC_C_LANGUAGE_STANDARD = gnu17;
				GCC_NO_COMMON_BLOCKS = YES;
				MACOSX_DEPLOYMENT_TARGET = 15.0;
				MTL_ENABLE_DEBUG_INFO = NO;
				SDKROOT = macosx;
				SWIFT_COMPILATION_MODE = wholemodule;
			};
			name = Release;
		};
		I10000000000000000000003 /* Debug */ = {
			isa = XCBuildConfiguration;
			buildSettings = {
				CODE_SIGN_STYLE = Automatic;
				CURRENT_PROJECT_VERSION = 1;
				ENABLE_APP_SANDBOX = NO;
				ENABLE_HARDENED_RUNTIME = NO;
				GENERATE_INFOPLIST_FILE = NO;
				INFOPLIST_FILE = NotchShelf/Info.plist;
				LD_RUNPATH_SEARCH_PATHS = (
					"$(inherited)",
					"@executable_path/../Frameworks",
				);
				MACOSX_DEPLOYMENT_TARGET = 15.0;
				MARKETING_VERSION = 0.1.0;
				PRODUCT_BUNDLE_IDENTIFIER = com.budiman.notchshelf;
				PRODUCT_NAME = "$(TARGET_NAME)";
				SWIFT_EMIT_LOC_STRINGS = YES;
				SWIFT_VERSION = 5.0;
			};
			name = Debug;
		};
		I10000000000000000000004 /* Release */ = {
			isa = XCBuildConfiguration;
			buildSettings = {
				CODE_SIGN_STYLE = Automatic;
				CURRENT_PROJECT_VERSION = 1;
				ENABLE_APP_SANDBOX = NO;
				ENABLE_HARDENED_RUNTIME = NO;
				GENERATE_INFOPLIST_FILE = NO;
				INFOPLIST_FILE = NotchShelf/Info.plist;
				LD_RUNPATH_SEARCH_PATHS = (
					"$(inherited)",
					"@executable_path/../Frameworks",
				);
				MACOSX_DEPLOYMENT_TARGET = 15.0;
				MARKETING_VERSION = 0.1.0;
				PRODUCT_BUNDLE_IDENTIFIER = com.budiman.notchshelf;
				PRODUCT_NAME = "$(TARGET_NAME)";
				SWIFT_EMIT_LOC_STRINGS = YES;
				SWIFT_VERSION = 5.0;
			};
			name = Release;
		};
/* End XCBuildConfiguration section */

/* Begin XCConfigurationList section */
		H10000000000000000000001 /* Build configuration list for PBXProject "NotchShelf" */ = {
			isa = XCConfigurationList;
			buildConfigurations = (
				I10000000000000000000001 /* Debug */,
				I10000000000000000000002 /* Release */,
			);
			defaultConfigurationIsVisible = 0;
			defaultConfigurationName = Release;
		};
		H10000000000000000000002 /* Build configuration list for PBXNativeTarget "NotchShelf" */ = {
			isa = XCConfigurationList;
			buildConfigurations = (
				I10000000000000000000003 /* Debug */,
				I10000000000000000000004 /* Release */,
			);
			defaultConfigurationIsVisible = 0;
			defaultConfigurationName = Release;
		};
/* End XCConfigurationList section */
	};
	rootObject = G10000000000000000000001 /* Project object */;
}
